// !$*UTF8*$!
{
	archiveVersion = 1;
	classes = {
	};
	objectVersion = 56;
	objects = {

/* Begin PBXBuildFile section */
		8934163D2ADD03C400714263 /* AppDelegate.swift in Sources */ = {isa = PBXBuildFile; fileRef = 8934163C2ADD03C400714263 /* AppDelegate.swift */; };
		8934163F2ADD03C400714263 /* SceneDelegate.swift in Sources */ = {isa = PBXBuildFile; fileRef = 8934163E2ADD03C400714263 /* SceneDelegate.swift */; };
		893416442ADD03C400714263 /* Main.storyboard in Resources */ = {isa = PBXBuildFile; fileRef = 893416422ADD03C400714263 /* Main.storyboard */; };
		893416462ADD03C600714263 /* Assets.xcassets in Resources */ = {isa = PBXBuildFile; fileRef = 893416452ADD03C600714263 /* Assets.xcassets */; };
		893416492ADD03C600714263 /* LaunchScreen.storyboard in Resources */ = {isa = PBXBuildFile; fileRef = 893416472ADD03C600714263 /* LaunchScreen.storyboard */; };
		8934165C2ADFCD7E00714263 /* HomeVC.swift in Sources */ = {isa = PBXBuildFile; fileRef = 8934165B2ADFCD7E00714263 /* HomeVC.swift */; };
		8934165E2ADFCEE000714263 /* CurrentWeather.swift in Sources */ = {isa = PBXBuildFile; fileRef = 8934165D2ADFCEE000714263 /* CurrentWeather.swift */; };
		893416612ADFCFEA00714263 /* APIService.swift in Sources */ = {isa = PBXBuildFile; fileRef = 893416602ADFCFEA00714263 /* APIService.swift */; };
		893416632ADFD13500714263 /* MainCoordinator.swift in Sources */ = {isa = PBXBuildFile; fileRef = 893416622ADFD13500714263 /* MainCoordinator.swift */; };
		893416652ADFD28000714263 /* CoordinatorStoryboard.swift in Sources */ = {isa = PBXBuildFile; fileRef = 893416642ADFD28000714263 /* CoordinatorStoryboard.swift */; };
		893416672ADFEE1400714263 /* HomeViewModel.swift in Sources */ = {isa = PBXBuildFile; fileRef = 893416662ADFEE1400714263 /* HomeViewModel.swift */; };
/* End PBXBuildFile section */

/* Begin PBXFileReference section */
		893416392ADD03C400714263 /* OpenWeather.app */ = {isa = PBXFileReference; explicitFileType = wrapper.application; includeInIndex = 0; path = OpenWeather.app; sourceTree = BUILT_PRODUCTS_DIR; };
		8934163C2ADD03C400714263 /* AppDelegate.swift */ = {isa = PBXFileReference; lastKnownFileType = sourcecode.swift; path = AppDelegate.swift; sourceTree = "<group>"; };
		8934163E2ADD03C400714263 /* SceneDelegate.swift */ = {isa = PBXFileReference; lastKnownFileType = sourcecode.swift; path = SceneDelegate.swift; sourceTree = "<group>"; };
		893416432ADD03C400714263 /* Base */ = {isa = PBXFileReference; lastKnownFileType = file.storyboard; name = Base; path = Base.lproj/Main.storyboard; sourceTree = "<group>"; };
		893416452ADD03C600714263 /* Assets.xcassets */ = {isa = PBXFileReference; lastKnownFileType = folder.assetcatalog; path = Assets.xcassets; sourceTree = "<group>"; };
		893416482ADD03C600714263 /* Base */ = {isa = PBXFileReference; lastKnownFileType = file.storyboard; name = Base; path = Base.lproj/LaunchScreen.storyboard; sourceTree = "<group>"; };
		8934164A2ADD03C600714263 /* Info.plist */ = {isa = PBXFileReference; lastKnownFileType = text.plist.xml; path = Info.plist; sourceTree = "<group>"; };
		8934165B2ADFCD7E00714263 /* HomeVC.swift */ = {isa = PBXFileReference; lastKnownFileType = sourcecode.swift; path = HomeVC.swift; sourceTree = "<group>"; };
		8934165D2ADFCEE000714263 /* CurrentWeather.swift */ = {isa = PBXFileReference; lastKnownFileType = sourcecode.swift; path = CurrentWeather.swift; sourceTree = "<group>"; };
		893416602ADFCFEA00714263 /* APIService.swift */ = {isa = PBXFileReference; lastKnownFileType = sourcecode.swift; path = APIService.swift; sourceTree = "<group>"; };
		893416622ADFD13500714263 /* MainCoordinator.swift */ = {isa = PBXFileReference; lastKnownFileType = sourcecode.swift; path = MainCoordinator.swift; sourceTree = "<group>"; };
		893416642ADFD28000714263 /* CoordinatorStoryboard.swift */ = {isa = PBXFileReference; lastKnownFileType = sourcecode.swift; path = CoordinatorStoryboard.swift; sourceTree = "<group>"; };
		893416662ADFEE1400714263 /* HomeViewModel.swift */ = {isa = PBXFileReference; lastKnownFileType = sourcecode.swift; path = HomeViewModel.swift; sourceTree = "<group>"; };
/* End PBXFileReference section */

/* Begin PBXFrameworksBuildPhase section */
		893416362ADD03C400714263 /* Frameworks */ = {
			isa = PBXFrameworksBuildPhase;
			buildActionMask = 2147483647;
			files = (
			);
			runOnlyForDeploymentPostprocessing = 0;
		};
/* End PBXFrameworksBuildPhase section */

/* Begin PBXGroup section */
		893416302ADD03C400714263 = {
			isa = PBXGroup;
			children = (
				8934163B2ADD03C400714263 /* OpenWeather */,
				8934163A2ADD03C400714263 /* Products */,
			);
			sourceTree = "<group>";
		};
		8934163A2ADD03C400714263 /* Products */ = {
			isa = PBXGroup;
			children = (
				893416392ADD03C400714263 /* OpenWeather.app */,
			);
			name = Products;
			sourceTree = "<group>";
		};
		8934163B2ADD03C400714263 /* OpenWeather */ = {
			isa = PBXGroup;
			children = (
				8934165F2ADFCFCD00714263 /* Services */,
				893416592ADFC89200714263 /* Coordinator */,
				893416502ADFC73800714263 /* Screens */,
				8934163C2ADD03C400714263 /* AppDelegate.swift */,
				8934163E2ADD03C400714263 /* SceneDelegate.swift */,
				893416422ADD03C400714263 /* Main.storyboard */,
				893416452ADD03C600714263 /* Assets.xcassets */,
				893416472ADD03C600714263 /* LaunchScreen.storyboard */,
				8934164A2ADD03C600714263 /* Info.plist */,
			);
			path = OpenWeather;
			sourceTree = "<group>";
		};
		893416502ADFC73800714263 /* Screens */ = {
			isa = PBXGroup;
			children = (
				893416552ADFC80500714263 /* Search */,
				893416512ADFC74200714263 /* Home */,
			);
			path = Screens;
			sourceTree = "<group>";
		};
		893416512ADFC74200714263 /* Home */ = {
			isa = PBXGroup;
			children = (
				893416542ADFC7DC00714263 /* Model */,
				893416532ADFC7D900714263 /* View */,
				893416522ADFC7D400714263 /* ViewModel */,
			);
			path = Home;
			sourceTree = "<group>";
		};
		893416522ADFC7D400714263 /* ViewModel */ = {
			isa = PBXGroup;
			children = (
				893416662ADFEE1400714263 /* HomeViewModel.swift */,
			);
			path = ViewModel;
			sourceTree = "<group>";
		};
		893416532ADFC7D900714263 /* View */ = {
			isa = PBXGroup;
			children = (
				8934165B2ADFCD7E00714263 /* HomeVC.swift */,
			);
			path = View;
			sourceTree = "<group>";
		};
		893416542ADFC7DC00714263 /* Model */ = {
			isa = PBXGroup;
			children = (
				8934165D2ADFCEE000714263 /* CurrentWeather.swift */,
			);
			path = Model;
			sourceTree = "<group>";
		};
		893416552ADFC80500714263 /* Search */ = {
			isa = PBXGroup;
			children = (
				893416582ADFC81E00714263 /* Model */,
				893416572ADFC81C00714263 /* View */,
				893416562ADFC81800714263 /* ViewModel */,
			);
			path = Search;
			sourceTree = "<group>";
		};
		893416562ADFC81800714263 /* ViewModel */ = {
			isa = PBXGroup;
			children = (
			);
			path = ViewModel;
			sourceTree = "<group>";
		};
		893416572ADFC81C00714263 /* View */ = {
			isa = PBXGroup;
			children = (
			);
			path = View;
			sourceTree = "<group>";
		};
		893416582ADFC81E00714263 /* Model */ = {
			isa = PBXGroup;
			children = (
			);
			path = Model;
			sourceTree = "<group>";
		};
		893416592ADFC89200714263 /* Coordinator */ = {
			isa = PBXGroup;
			children = (
				893416622ADFD13500714263 /* MainCoordinator.swift */,
				893416642ADFD28000714263 /* CoordinatorStoryboard.swift */,
			);
			path = Coordinator;
			sourceTree = "<group>";
		};
		8934165F2ADFCFCD00714263 /* Services */ = {
			isa = PBXGroup;
			children = (
				893416602ADFCFEA00714263 /* APIService.swift */,
			);
			path = Services;
			sourceTree = "<group>";
		};
/* End PBXGroup section */

/* Begin PBXNativeTarget section */
		893416382ADD03C400714263 /* OpenWeather */ = {
			isa = PBXNativeTarget;
			buildConfigurationList = 8934164D2ADD03C600714263 /* Build configuration list for PBXNativeTarget "OpenWeather" */;
			buildPhases = (
				893416352ADD03C400714263 /* Sources */,
				893416362ADD03C400714263 /* Frameworks */,
				893416372ADD03C400714263 /* Resources */,
			);
			buildRules = (
			);
			dependencies = (
			);
			name = OpenWeather;
			productName = OpenWeather;
			productReference = 893416392ADD03C400714263 /* OpenWeather.app */;
			productType = "com.apple.product-type.application";
		};
/* End PBXNativeTarget section */

/* Begin PBXProject section */
		893416312ADD03C400714263 /* Project object */ = {
			isa = PBXProject;
			attributes = {
				BuildIndependentTargetsInParallel = 1;
				LastSwiftUpdateCheck = 1420;
				LastUpgradeCheck = 1420;
				TargetAttributes = {
					893416382ADD03C400714263 = {
						CreatedOnToolsVersion = 14.2;
					};
				};
			};
			buildConfigurationList = 893416342ADD03C400714263 /* Build configuration list for PBXProject "OpenWeather" */;
			compatibilityVersion = "Xcode 14.0";
			developmentRegion = en;
			hasScannedForEncodings = 0;
			knownRegions = (
				en,
				Base,
			);
			mainGroup = 893416302ADD03C400714263;
			productRefGroup = 8934163A2ADD03C400714263 /* Products */;
			projectDirPath = "";
			projectRoot = "";
			targets = (
				893416382ADD03C400714263 /* OpenWeather */,
			);
		};
/* End PBXProject section */

/* Begin PBXResourcesBuildPhase section */
		893416372ADD03C400714263 /* Resources */ = {
			isa = PBXResourcesBuildPhase;
			buildActionMask = 2147483647;
			files = (
				893416492ADD03C600714263 /* LaunchScreen.storyboard in Resources */,
				893416462ADD03C600714263 /* Assets.xcassets in Resources */,
				893416442ADD03C400714263 /* Main.storyboard in Resources */,
			);
			runOnlyForDeploymentPostprocessing = 0;
		};
/* End PBXResourcesBuildPhase section */

/* Begin PBXSourcesBuildPhase section */
		893416352ADD03C400714263 /* Sources */ = {
			isa = PBXSourcesBuildPhase;
			buildActionMask = 2147483647;
			files = (
				8934165C2ADFCD7E00714263 /* HomeVC.swift in Sources */,
				893416632ADFD13500714263 /* MainCoordinator.swift in Sources */,
				893416612ADFCFEA00714263 /* APIService.swift in Sources */,
				893416672ADFEE1400714263 /* HomeViewModel.swift in Sources */,
				8934163D2ADD03C400714263 /* AppDelegate.swift in Sources */,
				8934165E2ADFCEE000714263 /* CurrentWeather.swift in Sources */,
				8934163F2ADD03C400714263 /* SceneDelegate.swift in Sources */,
				893416652ADFD28000714263 /* CoordinatorStoryboard.swift in Sources */,
			);
			runOnlyForDeploymentPostprocessing = 0;
		};
/* End PBXSourcesBuildPhase section */

/* Begin PBXVariantGroup section */
		893416422ADD03C400714263 /* Main.storyboard */ = {
			isa = PBXVariantGroup;
			children = (
				893416432ADD03C400714263 /* Base */,
			);
			name = Main.storyboard;
			sourceTree = "<group>";
		};
		893416472ADD03C600714263 /* LaunchScreen.storyboard */ = {
			isa = PBXVariantGroup;
			children = (
				893416482ADD03C600714263 /* Base */,
			);
			name = LaunchScreen.storyboard;
			sourceTree = "<group>";
		};
/* End PBXVariantGroup section */

/* Begin XCBuildConfiguration section */
		8934164B2ADD03C600714263 /* Debug */ = {
			isa = XCBuildConfiguration;
			buildSettings = {
				ALWAYS_SEARCH_USER_PATHS = NO;
				CLANG_ANALYZER_NONNULL = YES;
				CLANG_ANALYZER_NUMBER_OBJECT_CONVERSION = YES_AGGRESSIVE;
				CLANG_CXX_LANGUAGE_STANDARD = "gnu++20";
				CLANG_ENABLE_MODULES = YES;
				CLANG_ENABLE_OBJC_ARC = YES;
				CLANG_ENABLE_OBJC_WEAK = YES;
				CLANG_WARN_BLOCK_CAPTURE_AUTORELEASING = YES;
				CLANG_WARN_BOOL_CONVERSION = YES;
				CLANG_WARN_COMMA = YES;
				CLANG_WARN_CONSTANT_CONVERSION = YES;
				CLANG_WARN_DEPRECATED_OBJC_IMPLEMENTATIONS = YES;
				CLANG_WARN_DIRECT_OBJC_ISA_USAGE = YES_ERROR;
				CLANG_WARN_DOCUMENTATION_COMMENTS = YES;
				CLANG_WARN_EMPTY_BODY = YES;
				CLANG_WARN_ENUM_CONVERSION = YES;
				CLANG_WARN_INFINITE_RECURSION = YES;
				CLANG_WARN_INT_CONVERSION = YES;
				CLANG_WARN_NON_LITERAL_NULL_CONVERSION = YES;
				CLANG_WARN_OBJC_IMPLICIT_RETAIN_SELF = YES;
				CLANG_WARN_OBJC_LITERAL_CONVERSION = YES;
				CLANG_WARN_OBJC_ROOT_CLASS = YES_ERROR;
				CLANG_WARN_QUOTED_INCLUDE_IN_FRAMEWORK_HEADER = YES;
				CLANG_WARN_RANGE_LOOP_ANALYSIS = YES;
				CLANG_WARN_STRICT_PROTOTYPES = YES;
				CLANG_WARN_SUSPICIOUS_MOVE = YES;
				CLANG_WARN_UNGUARDED_AVAILABILITY = YES_AGGRESSIVE;
				CLANG_WARN_UNREACHABLE_CODE = YES;
				CLANG_WARN__DUPLICATE_METHOD_MATCH = YES;
				COPY_PHASE_STRIP = NO;
				DEBUG_INFORMATION_FORMAT = dwarf;
				ENABLE_STRICT_OBJC_MSGSEND = YES;
				ENABLE_TESTABILITY = YES;
				GCC_C_LANGUAGE_STANDARD = gnu11;
				GCC_DYNAMIC_NO_PIC = NO;
				GCC_NO_COMMON_BLOCKS = YES;
				GCC_OPTIMIZATION_LEVEL = 0;
				GCC_PREPROCESSOR_DEFINITIONS = (
					"DEBUG=1",
					"$(inherited)",
				);
				GCC_WARN_64_TO_32_BIT_CONVERSION = YES;
				GCC_WARN_ABOUT_RETURN_TYPE = YES_ERROR;
				GCC_WARN_UNDECLARED_SELECTOR = YES;
				GCC_WARN_UNINITIALIZED_AUTOS = YES_AGGRESSIVE;
				GCC_WARN_UNUSED_FUNCTION = YES;
				GCC_WARN_UNUSED_VARIABLE = YES;
				IPHONEOS_DEPLOYMENT_TARGET = 14.0;
				MTL_ENABLE_DEBUG_INFO = INCLUDE_SOURCE;
				MTL_FAST_MATH = YES;
				ONLY_ACTIVE_ARCH = YES;
				SDKROOT = iphoneos;
				SWIFT_ACTIVE_COMPILATION_CONDITIONS = DEBUG;
				SWIFT_OPTIMIZATION_LEVEL = "-Onone";
			};
			name = Debug;
		};
		8934164C2ADD03C600714263 /* Release */ = {
			isa = XCBuildConfiguration;
			buildSettings = {
				ALWAYS_SEARCH_USER_PATHS = NO;
				CLANG_ANALYZER_NONNULL = YES;
				CLANG_ANALYZER_NUMBER_OBJECT_CONVERSION = YES_AGGRESSIVE;
				CLANG_CXX_LANGUAGE_STANDARD = "gnu++20";
				CLANG_ENABLE_MODULES = YES;
				CLANG_ENABLE_OBJC_ARC = YES;
				CLANG_ENABLE_OBJC_WEAK = YES;
				CLANG_WARN_BLOCK_CAPTURE_AUTORELEASING = YES;
				CLANG_WARN_BOOL_CONVERSION = YES;
				CLANG_WARN_COMMA = YES;
				CLANG_WARN_CONSTANT_CONVERSION = YES;
				CLANG_WARN_DEPRECATED_OBJC_IMPLEMENTATIONS = YES;
				CLANG_WARN_DIRECT_OBJC_ISA_USAGE = YES_ERROR;
				CLANG_WARN_DOCUMENTATION_COMMENTS = YES;
				CLANG_WARN_EMPTY_BODY = YES;
				CLANG_WARN_ENUM_CONVERSION = YES;
				CLANG_WARN_INFINITE_RECURSION = YES;
				CLANG_WARN_INT_CONVERSION = YES;
				CLANG_WARN_NON_LITERAL_NULL_CONVERSION = YES;
				CLANG_WARN_OBJC_IMPLICIT_RETAIN_SELF = YES;
				CLANG_WARN_OBJC_LITERAL_CONVERSION = YES;
				CLANG_WARN_OBJC_ROOT_CLASS = YES_ERROR;
				CLANG_WARN_QUOTED_INCLUDE_IN_FRAMEWORK_HEADER = YES;
				CLANG_WARN_RANGE_LOOP_ANALYSIS = YES;
				CLANG_WARN_STRICT_PROTOTYPES = YES;
				CLANG_WARN_SUSPICIOUS_MOVE = YES;
				CLANG_WARN_UNGUARDED_AVAILABILITY = YES_AGGRESSIVE;
				CLANG_WARN_UNREACHABLE_CODE = YES;
				CLANG_WARN__DUPLICATE_METHOD_MATCH = YES;
				COPY_PHASE_STRIP = NO;
				DEBUG_INFORMATION_FORMAT = "dwarf-with-dsym";
				ENABLE_NS_ASSERTIONS = NO;
				ENABLE_STRICT_OBJC_MSGSEND = YES;
				GCC_C_LANGUAGE_STANDARD = gnu11;
				GCC_NO_COMMON_BLOCKS = YES;
				GCC_WARN_64_TO_32_BIT_CONVERSION = YES;
				GCC_WARN_ABOUT_RETURN_TYPE = YES_ERROR;
				GCC_WARN_UNDECLARED_SELECTOR = YES;
				GCC_WARN_UNINITIALIZED_AUTOS = YES_AGGRESSIVE;
				GCC_WARN_UNUSED_FUNCTION = YES;
				GCC_WARN_UNUSED_VARIABLE = YES;
				IPHONEOS_DEPLOYMENT_TARGET = 14.0;
				MTL_ENABLE_DEBUG_INFO = NO;
				MTL_FAST_MATH = YES;
				SDKROOT = iphoneos;
				SWIFT_COMPILATION_MODE = wholemodule;
				SWIFT_OPTIMIZATION_LEVEL = "-O";
				VALIDATE_PRODUCT = YES;
			};
			name = Release;
		};
		8934164E2ADD03C600714263 /* Debug */ = {
			isa = XCBuildConfiguration;
			buildSettings = {
				ASSETCATALOG_COMPILER_APPICON_NAME = AppIcon;
				ASSETCATALOG_COMPILER_GLOBAL_ACCENT_COLOR_NAME = AccentColor;
				CODE_SIGN_STYLE = Automatic;
				CURRENT_PROJECT_VERSION = 1;
				DEVELOPMENT_TEAM = H24AHK7Y29;
				GENERATE_INFOPLIST_FILE = YES;
				INFOPLIST_FILE = OpenWeather/Info.plist;
				INFOPLIST_KEY_UIApplicationSupportsIndirectInputEvents = YES;
				INFOPLIST_KEY_UILaunchStoryboardName = LaunchScreen;
				INFOPLIST_KEY_UIMainStoryboardFile = Main;
				INFOPLIST_KEY_UISupportedInterfaceOrientations_iPad = "UIInterfaceOrientationPortrait UIInterfaceOrientationPortraitUpsideDown UIInterfaceOrientationLandscapeLeft UIInterfaceOrientationLandscapeRight";
				INFOPLIST_KEY_UISupportedInterfaceOrientations_iPhone = "UIInterfaceOrientationPortrait UIInterfaceOrientationLandscapeLeft UIInterfaceOrientationLandscapeRight";
				LD_RUNPATH_SEARCH_PATHS = (
					"$(inherited)",
					"@executable_path/Frameworks",
				);
				MARKETING_VERSION = 1.0;
				PRODUCT_BUNDLE_IDENTIFIER = com.sohag.OpenWeather;
				PRODUCT_NAME = "$(TARGET_NAME)";
				SWIFT_EMIT_LOC_STRINGS = YES;
				SWIFT_VERSION = 5.0;
				TARGETED_DEVICE_FAMILY = "1,2";
			};
			name = Debug;
		};
		8934164F2ADD03C600714263 /* Release */ = {
			isa = XCBuildConfiguration;
			buildSettings = {
				ASSETCATALOG_COMPILER_APPICON_NAME = AppIcon;
				ASSETCATALOG_COMPILER_GLOBAL_ACCENT_COLOR_NAME = AccentColor;
				CODE_SIGN_STYLE = Automatic;
				CURRENT_PROJECT_VERSION = 1;
				DEVELOPMENT_TEAM = H24AHK7Y29;
				GENERATE_INFOPLIST_FILE = YES;
				INFOPLIST_FILE = OpenWeather/Info.plist;
				INFOPLIST_KEY_UIApplicationSupportsIndirectInputEvents = YES;
				INFOPLIST_KEY_UILaunchStoryboardName = LaunchScreen;
				INFOPLIST_KEY_UIMainStoryboardFile = Main;
				INFOPLIST_KEY_UISupportedInterfaceOrientations_iPad = "UIInterfaceOrientationPortrait UIInterfaceOrientationPortraitUpsideDown UIInterfaceOrientationLandscapeLeft UIInterfaceOrientationLandscapeRight";
				INFOPLIST_KEY_UISupportedInterfaceOrientations_iPhone = "UIInterfaceOrientationPortrait UIInterfaceOrientationLandscapeLeft UIInterfaceOrientationLandscapeRight";
				LD_RUNPATH_SEARCH_PATHS = (
					"$(inherited)",
					"@executable_path/Frameworks",
				);
				MARKETING_VERSION = 1.0;
				PRODUCT_BUNDLE_IDENTIFIER = com.sohag.OpenWeather;
				PRODUCT_NAME = "$(TARGET_NAME)";
				SWIFT_EMIT_LOC_STRINGS = YES;
				SWIFT_VERSION = 5.0;
				TARGETED_DEVICE_FAMILY = "1,2";
			};
			name = Release;
		};
/* End XCBuildConfiguration section */

/* Begin XCConfigurationList section */
		893416342ADD03C400714263 /* Build configuration list for PBXProject "OpenWeather" */ = {
			isa = XCConfigurationList;
			buildConfigurations = (
				8934164B2ADD03C600714263 /* Debug */,
				8934164C2ADD03C600714263 /* Release */,
			);
			defaultConfigurationIsVisible = 0;
			defaultConfigurationName = Release;
		};
		8934164D2ADD03C600714263 /* Build configuration list for PBXNativeTarget "OpenWeather" */ = {
			isa = XCConfigurationList;
			buildConfigurations = (
				8934164E2ADD03C600714263 /* Debug */,
				8934164F2ADD03C600714263 /* Release */,
			);
			defaultConfigurationIsVisible = 0;
			defaultConfigurationName = Release;
		};
/* End XCConfigurationList section */
	};
	rootObject = 893416312ADD03C400714263 /* Project object */;
}
